// !$*UTF8*$!
{
	archiveVersion = 1;
	classes = {
	};
	objectVersion = 46;
	objects = {

/* Begin PBXBuildFile section */
		6493D71217349C2C0023D76B /* UIKit.framework in Frameworks */ = {isa = PBXBuildFile; fileRef = 6493D71117349C2C0023D76B /* UIKit.framework */; };
		6493D71417349C2C0023D76B /* Foundation.framework in Frameworks */ = {isa = PBXBuildFile; fileRef = 6493D71317349C2C0023D76B /* Foundation.framework */; };
		6493D71617349C2C0023D76B /* CoreGraphics.framework in Frameworks */ = {isa = PBXBuildFile; fileRef = 6493D71517349C2C0023D76B /* CoreGraphics.framework */; };
		6493D71C17349C2C0023D76B /* InfoPlist.strings in Resources */ = {isa = PBXBuildFile; fileRef = 6493D71A17349C2C0023D76B /* InfoPlist.strings */; };
		6493D71E17349C2C0023D76B /* main.m in Sources */ = {isa = PBXBuildFile; fileRef = 6493D71D17349C2C0023D76B /* main.m */; };
		6493D72217349C2C0023D76B /* CHBAppDelegate.m in Sources */ = {isa = PBXBuildFile; fileRef = 6493D72117349C2C0023D76B /* CHBAppDelegate.m */; };
		6493D72417349C2C0023D76B /* Default.png in Resources */ = {isa = PBXBuildFile; fileRef = 6493D72317349C2C0023D76B /* Default.png */; };
		6493D72617349C2C0023D76B /* Default@2x.png in Resources */ = {isa = PBXBuildFile; fileRef = 6493D72517349C2C0023D76B /* Default@2x.png */; };
		6493D72817349C2C0023D76B /* Default-568h@2x.png in Resources */ = {isa = PBXBuildFile; fileRef = 6493D72717349C2C0023D76B /* Default-568h@2x.png */; };
		6493D72B17349C2C0023D76B /* CHBViewController.m in Sources */ = {isa = PBXBuildFile; fileRef = 6493D72A17349C2C0023D76B /* CHBViewController.m */; };
		6493D72E17349C2C0023D76B /* CHBViewController.xib in Resources */ = {isa = PBXBuildFile; fileRef = 6493D72C17349C2C0023D76B /* CHBViewController.xib */; };
/* End PBXBuildFile section */

/* Begin PBXFileReference section */
		6493D70E17349C2C0023D76B /* ccc.app */ = {isa = PBXFileReference; explicitFileType = wrapper.application; includeInIndex = 0; path = ccc.app; sourceTree = BUILT_PRODUCTS_DIR; };
		6493D71117349C2C0023D76B /* UIKit.framework */ = {isa = PBXFileReference; lastKnownFileType = wrapper.framework; name = UIKit.framework; path = System/Library/Frameworks/UIKit.framework; sourceTree = SDKROOT; };
		6493D71317349C2C0023D76B /* Foundation.framework */ = {isa = PBXFileReference; lastKnownFileType = wrapper.framework; name = Foundation.framework; path = System/Library/Frameworks/Foundation.framework; sourceTree = SDKROOT; };
		6493D71517349C2C0023D76B /* CoreGraphics.framework */ = {isa = PBXFileReference; lastKnownFileType = wrapper.framework; name = CoreGraphics.framework; path = System/Library/Frameworks/CoreGraphics.framework; sourceTree = SDKROOT; };
		6493D71917349C2C0023D76B /* ccc-Info.plist */ = {isa = PBXFileReference; lastKnownFileType = text.plist.xml; path = "ccc-Info.plist"; sourceTree = "<group>"; };
		6493D71B17349C2C0023D76B /* en */ = {isa = PBXFileReference; lastKnownFileType = text.plist.strings; name = en; path = en.lproj/InfoPlist.strings; sourceTree = "<group>"; };
		6493D71D17349C2C0023D76B /* main.m */ = {isa = PBXFileReference; lastKnownFileType = sourcecode.c.objc; path = main.m; sourceTree = "<group>"; };
		6493D71F17349C2C0023D76B /* ccc-Prefix.pch */ = {isa = PBXFileReference; lastKnownFileType = sourcecode.c.h; path = "ccc-Prefix.pch"; sourceTree = "<group>"; };
		6493D72017349C2C0023D76B /* CHBAppDelegate.h */ = {isa = PBXFileReference; lastKnownFileType = sourcecode.c.h; path = CHBAppDelegate.h; sourceTree = "<group>"; };
		6493D72117349C2C0023D76B /* CHBAppDelegate.m */ = {isa = PBXFileReference; lastKnownFileType = sourcecode.c.objc; path = CHBAppDelegate.m; sourceTree = "<group>"; };
		6493D72317349C2C0023D76B /* Default.png */ = {isa = PBXFileReference; lastKnownFileType = image.png; path = Default.png; sourceTree = "<group>"; };
		6493D72517349C2C0023D76B /* Default@2x.png */ = {isa = PBXFileReference; lastKnownFileType = image.png; path = "Default@2x.png"; sourceTree = "<group>"; };
		6493D72717349C2C0023D76B /* Default-568h@2x.png */ = {isa = PBXFileReference; lastKnownFileType = image.png; path = "Default-568h@2x.png"; sourceTree = "<group>"; };
		6493D72917349C2C0023D76B /* CHBViewController.h */ = {isa = PBXFileReference; lastKnownFileType = sourcecode.c.h; path = CHBViewController.h; sourceTree = "<group>"; };
		6493D72A17349C2C0023D76B /* CHBViewController.m */ = {isa = PBXFileReference; lastKnownFileType = sourcecode.c.objc; path = CHBViewController.m; sourceTree = "<group>"; };
		6493D72D17349C2C0023D76B /* en */ = {isa = PBXFileReference; lastKnownFileType = file.xib; name = en; path = en.lproj/CHBViewController.xib; sourceTree = "<group>"; };
/* End PBXFileReference section */

/* Begin PBXFrameworksBuildPhase section */
		6493D70B17349C2C0023D76B /* Frameworks */ = {
			isa = PBXFrameworksBuildPhase;
			buildActionMask = 2147483647;
			files = (
				6493D71217349C2C0023D76B /* UIKit.framework in Frameworks */,
				6493D71417349C2C0023D76B /* Foundation.framework in Frameworks */,
				6493D71617349C2C0023D76B /* CoreGraphics.framework in Frameworks */,
			);
			runOnlyForDeploymentPostprocessing = 0;
		};
/* End PBXFrameworksBuildPhase section */

/* Begin PBXGroup section */
		6493D70517349C2C0023D76B = {
			isa = PBXGroup;
			children = (
				6493D71717349C2C0023D76B /* ccc */,
				6493D71017349C2C0023D76B /* Frameworks */,
				6493D70F17349C2C0023D76B /* Products */,
			);
			sourceTree = "<group>";
		};
		6493D70F17349C2C0023D76B /* Products */ = {
			isa = PBXGroup;
			children = (
				6493D70E17349C2C0023D76B /* ccc.app */,
			);
			name = Products;
			sourceTree = "<group>";
		};
		6493D71017349C2C0023D76B /* Frameworks */ = {
			isa = PBXGroup;
			children = (
				6493D71117349C2C0023D76B /* UIKit.framework */,
				6493D71317349C2C0023D76B /* Foundation.framework */,
				6493D71517349C2C0023D76B /* CoreGraphics.framework */,
			);
			name = Frameworks;
			sourceTree = "<group>";
		};
		6493D71717349C2C0023D76B /* ccc */ = {
			isa = PBXGroup;
			children = (
				6493D72017349C2C0023D76B /* CHBAppDelegate.h */,
				6493D72117349C2C0023D76B /* CHBAppDelegate.m */,
				6493D72917349C2C0023D76B /* CHBViewController.h */,
				6493D72A17349C2C0023D76B /* CHBViewController.m */,
				6493D72C17349C2C0023D76B /* CHBViewController.xib */,
				6493D71817349C2C0023D76B /* Supporting Files */,
			);
			path = ccc;
			sourceTree = "<group>";
		};
		6493D71817349C2C0023D76B /* Supporting Files */ = {
			isa = PBXGroup;
			children = (
				6493D71917349C2C0023D76B /* ccc-Info.plist */,
				6493D71A17349C2C0023D76B /* InfoPlist.strings */,
				6493D71D17349C2C0023D76B /* main.m */,
				6493D71F17349C2C0023D76B /* ccc-Prefix.pch */,
				6493D72317349C2C0023D76B /* Default.png */,
				6493D72517349C2C0023D76B /* Default@2x.png */,
				6493D72717349C2C0023D76B /* Default-568h@2x.png */,
			);
			name = "Supporting Files";
			sourceTree = "<group>";
		};
/* End PBXGroup section */

/* Begin PBXNativeTarget section */
		6493D70D17349C2C0023D76B /* ccc */ = {
			isa = PBXNativeTarget;
			buildConfigurationList = 6493D73117349C2C0023D76B /* Build configuration list for PBXNativeTarget "ccc" */;
			buildPhases = (
				6493D70A17349C2C0023D76B /* Sources */,
				6493D70B17349C2C0023D76B /* Frameworks */,
				6493D70C17349C2C0023D76B /* Resources */,
			);
			buildRules = (
			);
			dependencies = (
			);
			name = ccc;
			productName = ccc;
			productReference = 6493D70E17349C2C0023D76B /* ccc.app */;
			productType = "com.apple.product-type.application";
		};
/* End PBXNativeTarget section */

/* Begin PBXProject section */
		6493D70617349C2C0023D76B /* Project object */ = {
			isa = PBXProject;
			attributes = {
				CLASSPREFIX = CHB;
				LastUpgradeCheck = 0460;
				ORGANIZATIONNAME = chenb;
			};
			buildConfigurationList = 6493D70917349C2C0023D76B /* Build configuration list for PBXProject "ccc" */;
			compatibilityVersion = "Xcode 3.2";
			developmentRegion = English;
			hasScannedForEncodings = 0;
			knownRegions = (
				en,
			);
			mainGroup = 6493D70517349C2C0023D76B;
			productRefGroup = 6493D70F17349C2C0023D76B /* Products */;
			projectDirPath = "";
			projectRoot = "";
			targets = (
				6493D70D17349C2C0023D76B /* ccc */,
			);
		};
/* End PBXProject section */

/* Begin PBXResourcesBuildPhase section */
		6493D70C17349C2C0023D76B /* Resources */ = {
			isa = PBXResourcesBuildPhase;
			buildActionMask = 2147483647;
			files = (
				6493D71C17349C2C0023D76B /* InfoPlist.strings in Resources */,
				6493D72417349C2C0023D76B /* Default.png in Resources */,
				6493D72617349C2C0023D76B /* Default@2x.png in Resources */,
				6493D72817349C2C0023D76B /* Default-568h@2x.png in Resources */,
				6493D72E17349C2C0023D76B /* CHBViewController.xib in Resources */,
			);
			runOnlyForDeploymentPostprocessing = 0;
		};
/* End PBXResourcesBuildPhase section */

/* Begin PBXSourcesBuildPhase section */
		6493D70A17349C2C0023D76B /* Sources */ = {
			isa = PBXSourcesBuildPhase;
			buildActionMask = 2147483647;
			files = (
				6493D71E17349C2C0023D76B /* main.m in Sources */,
				6493D72217349C2C0023D76B /* CHBAppDelegate.m in Sources */,
				6493D72B17349C2C0023D76B /* CHBViewController.m in Sources */,
			);
			runOnlyForDeploymentPostprocessing = 0;
		};
/* End PBXSourcesBuildPhase section */

/* Begin PBXVariantGroup section */
		6493D71A17349C2C0023D76B /* InfoPlist.strings */ = {
			isa = PBXVariantGroup;
			children = (
				6493D71B17349C2C0023D76B /* en */,
			);
			name = InfoPlist.strings;
			sourceTree = "<group>";
		};
		6493D72C17349C2C0023D76B /* CHBViewController.xib */ = {
			isa = PBXVariantGroup;
			children = (
				6493D72D17349C2C0023D76B /* en */,
			);
			name = CHBViewController.xib;
			sourceTree = "<group>";
		};
/* End PBXVariantGroup section */

/* Begin XCBuildConfiguration section */
		6493D72F17349C2C0023D76B /* Debug */ = {
			isa = XCBuildConfiguration;
			buildSettings = {
				ALWAYS_SEARCH_USER_PATHS = NO;
				CLANG_CXX_LANGUAGE_STANDARD = "gnu++0x";
				CLANG_CXX_LIBRARY = "libc++";
				CLANG_WARN_CONSTANT_CONVERSION = YES;
				CLANG_WARN_EMPTY_BODY = YES;
				CLANG_WARN_ENUM_CONVERSION = YES;
				CLANG_WARN_INT_CONVERSION = YES;
				CLANG_WARN__DUPLICATE_METHOD_MATCH = YES;
				"CODE_SIGN_IDENTITY[sdk=iphoneos*]" = "iPhone Developer";
				COPY_PHASE_STRIP = NO;
				GCC_C_LANGUAGE_STANDARD = gnu99;
				GCC_DYNAMIC_NO_PIC = NO;
				GCC_OPTIMIZATION_LEVEL = 0;
				GCC_PREPROCESSOR_DEFINITIONS = (
					"DEBUG=1",
					"$(inherited)",
				);
				GCC_SYMBOLS_PRIVATE_EXTERN = NO;
				GCC_WARN_ABOUT_RETURN_TYPE = YES;
				GCC_WARN_UNINITIALIZED_AUTOS = YES;
				GCC_WARN_UNUSED_VARIABLE = YES;
				IPHONEOS_DEPLOYMENT_TARGET = 6.1;
				ONLY_ACTIVE_ARCH = YES;
				SDKROOT = iphoneos;
			};
			name = Debug;
		};
		6493D73017349C2C0023D76B /* Release */ = {
			isa = XCBuildConfiguration;
			buildSettings = {
				ALWAYS_SEARCH_USER_PATHS = NO;
				CLANG_CXX_LANGUAGE_STANDARD = "gnu++0x";
				CLANG_CXX_LIBRARY = "libc++";
				CLANG_WARN_CONSTANT_CONVERSION = YES;
				CLANG_WARN_EMPTY_BODY = YES;
				CLANG_WARN_ENUM_CONVERSION = YES;
				CLANG_WARN_INT_CONVERSION = YES;
				CLANG_WARN__DUPLICATE_METHOD_MATCH = YES;
				"CODE_SIGN_IDENTITY[sdk=iphoneos*]" = "iPhone Developer";
				COPY_PHASE_STRIP = YES;
				GCC_C_LANGUAGE_STANDARD = gnu99;
				GCC_WARN_ABOUT_RETURN_TYPE = YES;
				GCC_WARN_UNINITIALIZED_AUTOS = YES;
				GCC_WARN_UNUSED_VARIABLE = YES;
				IPHONEOS_DEPLOYMENT_TARGET = 6.1;
				OTHER_CFLAGS = "-DNS_BLOCK_ASSERTIONS=1";
				SDKROOT = iphoneos;
				VALIDATE_PRODUCT = YES;
			};
			name = Release;
		};
		6493D73217349C2C0023D76B /* Debug */ = {
			isa = XCBuildConfiguration;
			buildSettings = {
				GCC_PRECOMPILE_PREFIX_HEADER = YES;
				GCC_PREFIX_HEADER = "ccc/ccc-Prefix.pch";
				INFOPLIST_FILE = "ccc/ccc-Info.plist";
				PRODUCT_NAME = "$(TARGET_NAME)";
				WRAPPER_EXTENSION = app;
			};
			name = Debug;
		};
		6493D73317349C2C0023D76B /* Release */ = {
			isa = XCBuildConfiguration;
			buildSettings = {
				GCC_PRECOMPILE_PREFIX_HEADER = YES;
				GCC_PREFIX_HEADER = "ccc/ccc-Prefix.pch";
				INFOPLIST_FILE = "ccc/ccc-Info.plist";
				PRODUCT_NAME = "$(TARGET_NAME)";
				WRAPPER_EXTENSION = app;
			};
			name = Release;
		};
/* End XCBuildConfiguration section */

/* Begin XCConfigurationList section */
		6493D70917349C2C0023D76B /* Build configuration list for PBXProject "ccc" */ = {
			isa = XCConfigurationList;
			buildConfigurations = (
				6493D72F17349C2C0023D76B /* Debug */,
				6493D73017349C2C0023D76B /* Release */,
			);
			defaultConfigurationIsVisible = 0;
			defaultConfigurationName = Release;
		};
		6493D73117349C2C0023D76B /* Build configuration list for PBXNativeTarget "ccc" */ = {
			isa = XCConfigurationList;
			buildConfigurations = (
				6493D73217349C2C0023D76B /* Debug */,
				6493D73317349C2C0023D76B /* Release */,
			);
			defaultConfigurationIsVisible = 0;
		};
/* End XCConfigurationList section */
	};
	rootObject = 6493D70617349C2C0023D76B /* Project object */;
}
